
Microsoft Visual Studio Solution File, Format Version 12.00
# Visual Studio Version 17
VisualStudioVersion = 17.7.34031.279
MinimumVisualStudioVersion = 10.0.40219.1
Project("{FAE04EC0-301F-11D3-BF4B-00C04F79EFBC}") = "EmployeeManagementWPF", "EmployeeManagementWPF\EmployeeManagementWPF.csproj", "{5EB48F0A-8216-4A16-B6B2-BE456D948655}"
EndProject
Global
	GlobalSection(SolutionConfigurationPlatforms) = preSolution
		Debug|Any CPU = Debug|Any CPU
		Release|Any CPU = Release|Any CPU
	EndGlobalSection
	GlobalSection(ProjectConfigurationPlatforms) = postSolution
		{5EB48F0A-8216-4A16-B6B2-BE456D948655}.Debug|Any CPU.ActiveCfg = Debug|Any CPU
		{5EB48F0A-8216-4A16-B6B2-BE456D948655}.Debug|Any CPU.Build.0 = Debug|Any CPU
		{5EB48F0A-8216-4A16-B6B2-BE456D948655}.Release|Any CPU.ActiveCfg = Release|Any CPU
		{5EB48F0A-8216-4A16-B6B2-BE456D948655}.Release|Any CPU.Build.0 = Release|Any CPU
	EndGlobalSection
	GlobalSection(SolutionProperties) = preSolution
		HideSolutionNode = FALSE
	EndGlobalSection
	GlobalSection(ExtensibilityGlobals) = postSolution
		SolutionGuid = {5F22A1A7-91E9-4893-A959-68BB7152B5B8}
	EndGlobalSection
EndGlobal
